// !$*UTF8*$!
{
	archiveVersion = 1;
	classes = {
	};
	objectVersion = 46;
	objects = {

/* Begin PBXBuildFile section */
		68032A2C1EA9FFD70019CD22 /* NZQ.mp4 in Resources */ = {isa = PBXBuildFile; fileRef = 68032A2B1EA9FFD70019CD22 /* NZQ.mp4 */; };
		68032A2F1EAA00990019CD22 /* MainTabBarViewController.m in Sources */ = {isa = PBXBuildFile; fileRef = 68032A2E1EAA00990019CD22 /* MainTabBarViewController.m */; };
		68032A351EAA01010019CD22 /* ServerViewController.m in Sources */ = {isa = PBXBuildFile; fileRef = 68032A341EAA01010019CD22 /* ServerViewController.m */; };
		68032A381EAA011F0019CD22 /* ClientViewController.m in Sources */ = {isa = PBXBuildFile; fileRef = 68032A371EAA011F0019CD22 /* ClientViewController.m */; };
		68032A3B1EAA027D0019CD22 /* tabar1@3x.png in Resources */ = {isa = PBXBuildFile; fileRef = 68032A391EAA027D0019CD22 /* tabar1@3x.png */; };
		68032A3C1EAA027D0019CD22 /* tabar2@3x.png in Resources */ = {isa = PBXBuildFile; fileRef = 68032A3A1EAA027D0019CD22 /* tabar2@3x.png */; };
		68032A401EAA0AA90019CD22 /* BaseNavViewController.m in Sources */ = {isa = PBXBuildFile; fileRef = 68032A3F1EAA0AA90019CD22 /* BaseNavViewController.m */; };
		6814221B1EB188C80024EA7F /* FileChunkInfo.m in Sources */ = {isa = PBXBuildFile; fileRef = 6814221A1EB188C80024EA7F /* FileChunkInfo.m */; };
		681B46201EAD873B00BEA215 /* AppDataSource.m in Sources */ = {isa = PBXBuildFile; fileRef = 681B461F1EAD873B00BEA215 /* AppDataSource.m */; };
		681B46221EAD874C00BEA215 /* start@2x.png in Resources */ = {isa = PBXBuildFile; fileRef = 681B46211EAD874C00BEA215 /* start@2x.png */; };
		681B46251EAD876200BEA215 /* StartView.m in Sources */ = {isa = PBXBuildFile; fileRef = 681B46241EAD876200BEA215 /* StartView.m */; };
		683B02821EB2C71F001E3416 /* FileHandleModel.m in Sources */ = {isa = PBXBuildFile; fileRef = 683B02811EB2C71F001E3416 /* FileHandleModel.m */; };
		683B02851EB2F262001E3416 /* CreatFolderInfo.m in Sources */ = {isa = PBXBuildFile; fileRef = 683B02841EB2F262001E3416 /* CreatFolderInfo.m */; };
		683B02881EB31F30001E3416 /* MoveFolderInfo.m in Sources */ = {isa = PBXBuildFile; fileRef = 683B02871EB31F30001E3416 /* MoveFolderInfo.m */; };
		683B028B1EB32A0B001E3416 /* FileListInfo.m in Sources */ = {isa = PBXBuildFile; fileRef = 683B028A1EB32A0B001E3416 /* FileListInfo.m */; };
		683B028E1EB32DF1001E3416 /* SourceModel.m in Sources */ = {isa = PBXBuildFile; fileRef = 683B028D1EB32DF1001E3416 /* SourceModel.m */; };
		683B02911EB33F8D001E3416 /* ReqDownFileInfo.m in Sources */ = {isa = PBXBuildFile; fileRef = 683B02901EB33F8D001E3416 /* ReqDownFileInfo.m */; };
		6855D3A01EBAFDAC00E3E04D /* LoginViewController.m in Sources */ = {isa = PBXBuildFile; fileRef = 6855D39F1EBAFDAC00E3E04D /* LoginViewController.m */; };
		6855D3A31EBAFE0D00E3E04D /* BorderTextField.m in Sources */ = {isa = PBXBuildFile; fileRef = 6855D3A21EBAFE0D00E3E04D /* BorderTextField.m */; };
		6855D3A71EBB001700E3E04D /* UIView+Add.m in Sources */ = {isa = PBXBuildFile; fileRef = 6855D3A61EBB001700E3E04D /* UIView+Add.m */; };
		6855D3AD1EBB060900E3E04D /* MBProgressHUD+Add.m in Sources */ = {isa = PBXBuildFile; fileRef = 6855D3AA1EBB060900E3E04D /* MBProgressHUD+Add.m */; };
		6855D3AE1EBB060900E3E04D /* MBProgressHUD.m in Sources */ = {isa = PBXBuildFile; fileRef = 6855D3AC1EBB060900E3E04D /* MBProgressHUD.m */; };
		6855D3B11EBB197400E3E04D /* ClientMainViewController.m in Sources */ = {isa = PBXBuildFile; fileRef = 6855D3B01EBB197400E3E04D /* ClientMainViewController.m */; };
		6855D3B41EBB1AC900E3E04D /* BaseViewController.m in Sources */ = {isa = PBXBuildFile; fileRef = 6855D3B31EBB1AC900E3E04D /* BaseViewController.m */; };
		6855D3B61EBB1AF200E3E04D /* 返回@3x.png in Resources */ = {isa = PBXBuildFile; fileRef = 6855D3B51EBB1AF200E3E04D /* 返回@3x.png */; };
		6855D3B91EBB293000E3E04D /* shocking@3x.png in Resources */ = {isa = PBXBuildFile; fileRef = 6855D3B81EBB293000E3E04D /* shocking@3x.png */; };
		6855D3BB1EBB2B8400E3E04D /* MineCollectionViewCell.xib in Resources */ = {isa = PBXBuildFile; fileRef = 6855D3BA1EBB2B8400E3E04D /* MineCollectionViewCell.xib */; };
		6855D3BE1EBB2BBA00E3E04D /* MineCollectionViewCell.m in Sources */ = {isa = PBXBuildFile; fileRef = 6855D3BD1EBB2BBA00E3E04D /* MineCollectionViewCell.m */; };
		6855D3C11EBB2DD000E3E04D /* TitleReusableView.m in Sources */ = {isa = PBXBuildFile; fileRef = 6855D3C01EBB2DD000E3E04D /* TitleReusableView.m */; };
		686E9B931EB82C950098EFEB /* DownFileInfo.m in Sources */ = {isa = PBXBuildFile; fileRef = 686E9B921EB82C950098EFEB /* DownFileInfo.m */; };
		687B63D51EAF357B007914A4 /* ProtocolDataManager.m in Sources */ = {isa = PBXBuildFile; fileRef = 687B63D41EAF357B007914A4 /* ProtocolDataManager.m */; };
		687B63DC1EAF3933007914A4 /* NSObject+YYModel.m in Sources */ = {isa = PBXBuildFile; fileRef = 687B63D81EAF3933007914A4 /* NSObject+YYModel.m */; };
		687B63DD1EAF3933007914A4 /* YYClassInfo.m in Sources */ = {isa = PBXBuildFile; fileRef = 687B63DA1EAF3933007914A4 /* YYClassInfo.m */; };
		687B63E01EAF49DF007914A4 /* HeaderInfo.m in Sources */ = {isa = PBXBuildFile; fileRef = 687B63DF1EAF49DF007914A4 /* HeaderInfo.m */; };
		689A8A0F1EA87ABA00BD8FD7 /* main.m in Sources */ = {isa = PBXBuildFile; fileRef = 689A8A0E1EA87ABA00BD8FD7 /* main.m */; };
		689A8A121EA87ABA00BD8FD7 /* AppDelegate.m in Sources */ = {isa = PBXBuildFile; fileRef = 689A8A111EA87ABA00BD8FD7 /* AppDelegate.m */; };
		689A8A1A1EA87ABA00BD8FD7 /* Assets.xcassets in Resources */ = {isa = PBXBuildFile; fileRef = 689A8A191EA87ABA00BD8FD7 /* Assets.xcassets */; };
		689A8A1D1EA87ABA00BD8FD7 /* LaunchScreen.storyboard in Resources */ = {isa = PBXBuildFile; fileRef = 689A8A1B1EA87ABA00BD8FD7 /* LaunchScreen.storyboard */; };
		689A8A281EA87ABB00BD8FD7 /* FlieServerDemoTests.m in Sources */ = {isa = PBXBuildFile; fileRef = 689A8A271EA87ABB00BD8FD7 /* FlieServerDemoTests.m */; };
		689A8A331EA87ABB00BD8FD7 /* FlieServerDemoUITests.m in Sources */ = {isa = PBXBuildFile; fileRef = 689A8A321EA87ABB00BD8FD7 /* FlieServerDemoUITests.m */; };
		68A0E0CF1EB07A8B000961EA /* ReqUpFileInfo.m in Sources */ = {isa = PBXBuildFile; fileRef = 68A0E0CE1EB07A8B000961EA /* ReqUpFileInfo.m */; };
		68A393AF1EB9A45B001411FF /* SocketServerManager.m in Sources */ = {isa = PBXBuildFile; fileRef = 68A393AE1EB9A45B001411FF /* SocketServerManager.m */; };
		68A393B21EB9B0EE001411FF /* socketClientManager.m in Sources */ = {isa = PBXBuildFile; fileRef = 68A393B11EB9B0EE001411FF /* socketClientManager.m */; };
		68A83D1C1EAD8CDD0061AC6D /* NetWorkManager.m in Sources */ = {isa = PBXBuildFile; fileRef = 68A83D1B1EAD8CDD0061AC6D /* NetWorkManager.m */; };
		68A83D281EADBE590061AC6D /* UserInfo.m in Sources */ = {isa = PBXBuildFile; fileRef = 68A83D271EADBE590061AC6D /* UserInfo.m */; };
		68A83D3D1EADEF140061AC6D /* FMDatabase.m in Sources */ = {isa = PBXBuildFile; fileRef = 68A83D331EADEF140061AC6D /* FMDatabase.m */; };
		68A83D3E1EADEF140061AC6D /* FMDatabaseAdditions.m in Sources */ = {isa = PBXBuildFile; fileRef = 68A83D351EADEF140061AC6D /* FMDatabaseAdditions.m */; };
		68A83D3F1EADEF140061AC6D /* FMDatabasePool.m in Sources */ = {isa = PBXBuildFile; fileRef = 68A83D371EADEF140061AC6D /* FMDatabasePool.m */; };
		68A83D401EADEF140061AC6D /* FMDatabaseQueue.m in Sources */ = {isa = PBXBuildFile; fileRef = 68A83D391EADEF140061AC6D /* FMDatabaseQueue.m */; };
		68A83D411EADEF140061AC6D /* FMResultSet.m in Sources */ = {isa = PBXBuildFile; fileRef = 68A83D3C1EADEF140061AC6D /* FMResultSet.m */; };
		68A83D451EADEF330061AC6D /* libsqlite3.tbd in Frameworks */ = {isa = PBXBuildFile; fileRef = 68A83D441EADEF330061AC6D /* libsqlite3.tbd */; };
		68A83D481EADEF8C0061AC6D /* DataBaseManager.m in Sources */ = {isa = PBXBuildFile; fileRef = 68A83D471EADEF8C0061AC6D /* DataBaseManager.m */; };
		68CB0B181EB1F11300D38C17 /* BBB.jpg in Resources */ = {isa = PBXBuildFile; fileRef = 68CB0B171EB1F11300D38C17 /* BBB.jpg */; };
		899C5B0D9FEDD5DFEBBCC98C /* Pods_FlieServerDemo.framework in Frameworks */ = {isa = PBXBuildFile; fileRef = BF4B518F9325A4BA90CCF79B /* Pods_FlieServerDemo.framework */; };
/* End PBXBuildFile section */

/* Begin PBXContainerItemProxy section */
		689A8A241EA87ABB00BD8FD7 /* PBXContainerItemProxy */ = {
			isa = PBXContainerItemProxy;
			containerPortal = 689A8A021EA87ABA00BD8FD7 /* Project object */;
			proxyType = 1;
			remoteGlobalIDString = 689A8A091EA87ABA00BD8FD7;
			remoteInfo = FlieServerDemo;
		};
		689A8A2F1EA87ABB00BD8FD7 /* PBXContainerItemProxy */ = {
			isa = PBXContainerItemProxy;
			containerPortal = 689A8A021EA87ABA00BD8FD7 /* Project object */;
			proxyType = 1;
			remoteGlobalIDString = 689A8A091EA87ABA00BD8FD7;
			remoteInfo = FlieServerDemo;
		};
/* End PBXContainerItemProxy section */

/* Begin PBXFileReference section */
		421558AE5EE79F39E5A6163B /* Pods-FlieServerDemo.release.xcconfig */ = {isa = PBXFileReference; includeInIndex = 1; lastKnownFileType = text.xcconfig; name = "Pods-FlieServerDemo.release.xcconfig"; path = "Pods/Target Support Files/Pods-FlieServerDemo/Pods-FlieServerDemo.release.xcconfig"; sourceTree = "<group>"; };
		68032A2B1EA9FFD70019CD22 /* NZQ.mp4 */ = {isa = PBXFileReference; lastKnownFileType = file; path = NZQ.mp4; sourceTree = "<group>"; };
		68032A2D1EAA00990019CD22 /* MainTabBarViewController.h */ = {isa = PBXFileReference; fileEncoding = 4; lastKnownFileType = sourcecode.c.h; path = MainTabBarViewController.h; sourceTree = "<group>"; };
		68032A2E1EAA00990019CD22 /* MainTabBarViewController.m */ = {isa = PBXFileReference; fileEncoding = 4; lastKnownFileType = sourcecode.c.objc; path = MainTabBarViewController.m; sourceTree = "<group>"; };
		68032A331EAA01010019CD22 /* ServerViewController.h */ = {isa = PBXFileReference; fileEncoding = 4; lastKnownFileType = sourcecode.c.h; path = ServerViewController.h; sourceTree = "<group>"; };
		68032A341EAA01010019CD22 /* ServerViewController.m */ = {isa = PBXFileReference; fileEncoding = 4; lastKnownFileType = sourcecode.c.objc; path = ServerViewController.m; sourceTree = "<group>"; };
		68032A361EAA011F0019CD22 /* ClientViewController.h */ = {isa = PBXFileReference; fileEncoding = 4; lastKnownFileType = sourcecode.c.h; path = ClientViewController.h; sourceTree = "<group>"; };
		68032A371EAA011F0019CD22 /* ClientViewController.m */ = {isa = PBXFileReference; fileEncoding = 4; lastKnownFileType = sourcecode.c.objc; path = ClientViewController.m; sourceTree = "<group>"; };
		68032A391EAA027D0019CD22 /* tabar1@3x.png */ = {isa = PBXFileReference; lastKnownFileType = image.png; path = "tabar1@3x.png"; sourceTree = "<group>"; };
		68032A3A1EAA027D0019CD22 /* tabar2@3x.png */ = {isa = PBXFileReference; lastKnownFileType = image.png; path = "tabar2@3x.png"; sourceTree = "<group>"; };
		68032A3E1EAA0AA90019CD22 /* BaseNavViewController.h */ = {isa = PBXFileReference; fileEncoding = 4; lastKnownFileType = sourcecode.c.h; path = BaseNavViewController.h; sourceTree = "<group>"; };
		68032A3F1EAA0AA90019CD22 /* BaseNavViewController.m */ = {isa = PBXFileReference; fileEncoding = 4; lastKnownFileType = sourcecode.c.objc; path = BaseNavViewController.m; sourceTree = "<group>"; };
		681422191EB188C80024EA7F /* FileChunkInfo.h */ = {isa = PBXFileReference; fileEncoding = 4; lastKnownFileType = sourcecode.c.h; path = FileChunkInfo.h; sourceTree = "<group>"; };
		6814221A1EB188C80024EA7F /* FileChunkInfo.m */ = {isa = PBXFileReference; fileEncoding = 4; lastKnownFileType = sourcecode.c.objc; path = FileChunkInfo.m; sourceTree = "<group>"; };
		681B461E1EAD873B00BEA215 /* AppDataSource.h */ = {isa = PBXFileReference; fileEncoding = 4; lastKnownFileType = sourcecode.c.h; path = AppDataSource.h; sourceTree = "<group>"; };
		681B461F1EAD873B00BEA215 /* AppDataSource.m */ = {isa = PBXFileReference; fileEncoding = 4; lastKnownFileType = sourcecode.c.objc; path = AppDataSource.m; sourceTree = "<group>"; };
		681B46211EAD874C00BEA215 /* start@2x.png */ = {isa = PBXFileReference; lastKnownFileType = image.png; path = "start@2x.png"; sourceTree = "<group>"; };
		681B46231EAD876200BEA215 /* StartView.h */ = {isa = PBXFileReference; fileEncoding = 4; lastKnownFileType = sourcecode.c.h; path = StartView.h; sourceTree = "<group>"; };
		681B46241EAD876200BEA215 /* StartView.m */ = {isa = PBXFileReference; fileEncoding = 4; lastKnownFileType = sourcecode.c.objc; path = StartView.m; sourceTree = "<group>"; };
		683B02801EB2C71F001E3416 /* FileHandleModel.h */ = {isa = PBXFileReference; fileEncoding = 4; lastKnownFileType = sourcecode.c.h; path = FileHandleModel.h; sourceTree = "<group>"; };
		683B02811EB2C71F001E3416 /* FileHandleModel.m */ = {isa = PBXFileReference; fileEncoding = 4; lastKnownFileType = sourcecode.c.objc; path = FileHandleModel.m; sourceTree = "<group>"; };
		683B02831EB2F262001E3416 /* CreatFolderInfo.h */ = {isa = PBXFileReference; fileEncoding = 4; lastKnownFileType = sourcecode.c.h; path = CreatFolderInfo.h; sourceTree = "<group>"; };
		683B02841EB2F262001E3416 /* CreatFolderInfo.m */ = {isa = PBXFileReference; fileEncoding = 4; lastKnownFileType = sourcecode.c.objc; path = CreatFolderInfo.m; sourceTree = "<group>"; };
		683B02861EB31F30001E3416 /* MoveFolderInfo.h */ = {isa = PBXFileReference; fileEncoding = 4; lastKnownFileType = sourcecode.c.h; path = MoveFolderInfo.h; sourceTree = "<group>"; };
		683B02871EB31F30001E3416 /* MoveFolderInfo.m */ = {isa = PBXFileReference; fileEncoding = 4; lastKnownFileType = sourcecode.c.objc; path = MoveFolderInfo.m; sourceTree = "<group>"; };
		683B02891EB32A0B001E3416 /* FileListInfo.h */ = {isa = PBXFileReference; fileEncoding = 4; lastKnownFileType = sourcecode.c.h; path = FileListInfo.h; sourceTree = "<group>"; };
		683B028A1EB32A0B001E3416 /* FileListInfo.m */ = {isa = PBXFileReference; fileEncoding = 4; lastKnownFileType = sourcecode.c.objc; path = FileListInfo.m; sourceTree = "<group>"; };
		683B028C1EB32DF1001E3416 /* SourceModel.h */ = {isa = PBXFileReference; fileEncoding = 4; lastKnownFileType = sourcecode.c.h; path = SourceModel.h; sourceTree = "<group>"; };
		683B028D1EB32DF1001E3416 /* SourceModel.m */ = {isa = PBXFileReference; fileEncoding = 4; lastKnownFileType = sourcecode.c.objc; path = SourceModel.m; sourceTree = "<group>"; };
		683B028F1EB33F8D001E3416 /* ReqDownFileInfo.h */ = {isa = PBXFileReference; fileEncoding = 4; lastKnownFileType = sourcecode.c.h; path = ReqDownFileInfo.h; sourceTree = "<group>"; };
		683B02901EB33F8D001E3416 /* ReqDownFileInfo.m */ = {isa = PBXFileReference; fileEncoding = 4; lastKnownFileType = sourcecode.c.objc; path = ReqDownFileInfo.m; sourceTree = "<group>"; };
		6855D39E1EBAFDAC00E3E04D /* LoginViewController.h */ = {isa = PBXFileReference; fileEncoding = 4; lastKnownFileType = sourcecode.c.h; path = LoginViewController.h; sourceTree = "<group>"; };
		6855D39F1EBAFDAC00E3E04D /* LoginViewController.m */ = {isa = PBXFileReference; fileEncoding = 4; lastKnownFileType = sourcecode.c.objc; path = LoginViewController.m; sourceTree = "<group>"; };
		6855D3A11EBAFE0D00E3E04D /* BorderTextField.h */ = {isa = PBXFileReference; fileEncoding = 4; lastKnownFileType = sourcecode.c.h; path = BorderTextField.h; sourceTree = "<group>"; };
		6855D3A21EBAFE0D00E3E04D /* BorderTextField.m */ = {isa = PBXFileReference; fileEncoding = 4; lastKnownFileType = sourcecode.c.objc; path = BorderTextField.m; sourceTree = "<group>"; };
		6855D3A51EBB001700E3E04D /* UIView+Add.h */ = {isa = PBXFileReference; fileEncoding = 4; lastKnownFileType = sourcecode.c.h; path = "UIView+Add.h"; sourceTree = "<group>"; };
		6855D3A61EBB001700E3E04D /* UIView+Add.m */ = {isa = PBXFileReference; fileEncoding = 4; lastKnownFileType = sourcecode.c.objc; path = "UIView+Add.m"; sourceTree = "<group>"; };
		6855D3A91EBB060900E3E04D /* MBProgressHUD+Add.h */ = {isa = PBXFileReference; fileEncoding = 4; lastKnownFileType = sourcecode.c.h; path = "MBProgressHUD+Add.h"; sourceTree = "<group>"; };
		6855D3AA1EBB060900E3E04D /* MBProgressHUD+Add.m */ = {isa = PBXFileReference; fileEncoding = 4; lastKnownFileType = sourcecode.c.objc; path = "MBProgressHUD+Add.m"; sourceTree = "<group>"; };
		6855D3AB1EBB060900E3E04D /* MBProgressHUD.h */ = {isa = PBXFileReference; fileEncoding = 4; lastKnownFileType = sourcecode.c.h; path = MBProgressHUD.h; sourceTree = "<group>"; };
		6855D3AC1EBB060900E3E04D /* MBProgressHUD.m */ = {isa = PBXFileReference; fileEncoding = 4; lastKnownFileType = sourcecode.c.objc; path = MBProgressHUD.m; sourceTree = "<group>"; };
		6855D3AF1EBB197400E3E04D /* ClientMainViewController.h */ = {isa = PBXFileReference; fileEncoding = 4; lastKnownFileType = sourcecode.c.h; path = ClientMainViewController.h; sourceTree = "<group>"; };
		6855D3B01EBB197400E3E04D /* ClientMainViewController.m */ = {isa = PBXFileReference; fileEncoding = 4; lastKnownFileType = sourcecode.c.objc; path = ClientMainViewController.m; sourceTree = "<group>"; };
		6855D3B21EBB1AC900E3E04D /* BaseViewController.h */ = {isa = PBXFileReference; fileEncoding = 4; lastKnownFileType = sourcecode.c.h; path = BaseViewController.h; sourceTree = "<group>"; };
		6855D3B31EBB1AC900E3E04D /* BaseViewController.m */ = {isa = PBXFileReference; fileEncoding = 4; lastKnownFileType = sourcecode.c.objc; path = BaseViewController.m; sourceTree = "<group>"; };
		6855D3B51EBB1AF200E3E04D /* 返回@3x.png */ = {isa = PBXFileReference; lastKnownFileType = image.png; path = "返回@3x.png"; sourceTree = "<group>"; };
		6855D3B81EBB293000E3E04D /* shocking@3x.png */ = {isa = PBXFileReference; lastKnownFileType = image.png; path = "shocking@3x.png"; sourceTree = "<group>"; };
		6855D3BA1EBB2B8400E3E04D /* MineCollectionViewCell.xib */ = {isa = PBXFileReference; fileEncoding = 4; lastKnownFileType = file.xib; path = MineCollectionViewCell.xib; sourceTree = "<group>"; };
		6855D3BC1EBB2BBA00E3E04D /* MineCollectionViewCell.h */ = {isa = PBXFileReference; fileEncoding = 4; lastKnownFileType = sourcecode.c.h; path = MineCollectionViewCell.h; sourceTree = "<group>"; };
		6855D3BD1EBB2BBA00E3E04D /* MineCollectionViewCell.m */ = {isa = PBXFileReference; fileEncoding = 4; lastKnownFileType = sourcecode.c.objc; path = MineCollectionViewCell.m; sourceTree = "<group>"; };
		6855D3BF1EBB2DD000E3E04D /* TitleReusableView.h */ = {isa = PBXFileReference; fileEncoding = 4; lastKnownFileType = sourcecode.c.h; path = TitleReusableView.h; sourceTree = "<group>"; };
		6855D3C01EBB2DD000E3E04D /* TitleReusableView.m */ = {isa = PBXFileReference; fileEncoding = 4; lastKnownFileType = sourcecode.c.objc; path = TitleReusableView.m; sourceTree = "<group>"; };
		686E9B911EB82C950098EFEB /* DownFileInfo.h */ = {isa = PBXFileReference; fileEncoding = 4; lastKnownFileType = sourcecode.c.h; path = DownFileInfo.h; sourceTree = "<group>"; };
		686E9B921EB82C950098EFEB /* DownFileInfo.m */ = {isa = PBXFileReference; fileEncoding = 4; lastKnownFileType = sourcecode.c.objc; path = DownFileInfo.m; sourceTree = "<group>"; };
		687B63D31EAF357B007914A4 /* ProtocolDataManager.h */ = {isa = PBXFileReference; fileEncoding = 4; lastKnownFileType = sourcecode.c.h; path = ProtocolDataManager.h; sourceTree = "<group>"; };
		687B63D41EAF357B007914A4 /* ProtocolDataManager.m */ = {isa = PBXFileReference; fileEncoding = 4; lastKnownFileType = sourcecode.c.objc; path = ProtocolDataManager.m; sourceTree = "<group>"; };
		687B63D71EAF3933007914A4 /* NSObject+YYModel.h */ = {isa = PBXFileReference; fileEncoding = 4; lastKnownFileType = sourcecode.c.h; path = "NSObject+YYModel.h"; sourceTree = "<group>"; };
		687B63D81EAF3933007914A4 /* NSObject+YYModel.m */ = {isa = PBXFileReference; fileEncoding = 4; lastKnownFileType = sourcecode.c.objc; path = "NSObject+YYModel.m"; sourceTree = "<group>"; };
		687B63D91EAF3933007914A4 /* YYClassInfo.h */ = {isa = PBXFileReference; fileEncoding = 4; lastKnownFileType = sourcecode.c.h; path = YYClassInfo.h; sourceTree = "<group>"; };
		687B63DA1EAF3933007914A4 /* YYClassInfo.m */ = {isa = PBXFileReference; fileEncoding = 4; lastKnownFileType = sourcecode.c.objc; path = YYClassInfo.m; sourceTree = "<group>"; };
		687B63DB1EAF3933007914A4 /* YYModel.h */ = {isa = PBXFileReference; fileEncoding = 4; lastKnownFileType = sourcecode.c.h; path = YYModel.h; sourceTree = "<group>"; };
		687B63DE1EAF49DF007914A4 /* HeaderInfo.h */ = {isa = PBXFileReference; fileEncoding = 4; lastKnownFileType = sourcecode.c.h; path = HeaderInfo.h; sourceTree = "<group>"; };
		687B63DF1EAF49DF007914A4 /* HeaderInfo.m */ = {isa = PBXFileReference; fileEncoding = 4; lastKnownFileType = sourcecode.c.objc; path = HeaderInfo.m; sourceTree = "<group>"; };
		689A8A0A1EA87ABA00BD8FD7 /* FlieServerDemo.app */ = {isa = PBXFileReference; explicitFileType = wrapper.application; includeInIndex = 0; path = FlieServerDemo.app; sourceTree = BUILT_PRODUCTS_DIR; };
		689A8A0E1EA87ABA00BD8FD7 /* main.m */ = {isa = PBXFileReference; lastKnownFileType = sourcecode.c.objc; path = main.m; sourceTree = "<group>"; };
		689A8A101EA87ABA00BD8FD7 /* AppDelegate.h */ = {isa = PBXFileReference; lastKnownFileType = sourcecode.c.h; path = AppDelegate.h; sourceTree = "<group>"; };
		689A8A111EA87ABA00BD8FD7 /* AppDelegate.m */ = {isa = PBXFileReference; lastKnownFileType = sourcecode.c.objc; path = AppDelegate.m; sourceTree = "<group>"; };
		689A8A191EA87ABA00BD8FD7 /* Assets.xcassets */ = {isa = PBXFileReference; lastKnownFileType = folder.assetcatalog; path = Assets.xcassets; sourceTree = "<group>"; };
		689A8A1C1EA87ABA00BD8FD7 /* Base */ = {isa = PBXFileReference; lastKnownFileType = file.storyboard; name = Base; path = Base.lproj/LaunchScreen.storyboard; sourceTree = "<group>"; };
		689A8A1E1EA87ABA00BD8FD7 /* Info.plist */ = {isa = PBXFileReference; lastKnownFileType = text.plist.xml; path = Info.plist; sourceTree = "<group>"; };
		689A8A231EA87ABB00BD8FD7 /* FlieServerDemoTests.xctest */ = {isa = PBXFileReference; explicitFileType = wrapper.cfbundle; includeInIndex = 0; path = FlieServerDemoTests.xctest; sourceTree = BUILT_PRODUCTS_DIR; };
		689A8A271EA87ABB00BD8FD7 /* FlieServerDemoTests.m */ = {isa = PBXFileReference; lastKnownFileType = sourcecode.c.objc; path = FlieServerDemoTests.m; sourceTree = "<group>"; };
		689A8A291EA87ABB00BD8FD7 /* Info.plist */ = {isa = PBXFileReference; lastKnownFileType = text.plist.xml; path = Info.plist; sourceTree = "<group>"; };
		689A8A2E1EA87ABB00BD8FD7 /* FlieServerDemoUITests.xctest */ = {isa = PBXFileReference; explicitFileType = wrapper.cfbundle; includeInIndex = 0; path = FlieServerDemoUITests.xctest; sourceTree = BUILT_PRODUCTS_DIR; };
		689A8A321EA87ABB00BD8FD7 /* FlieServerDemoUITests.m */ = {isa = PBXFileReference; lastKnownFileType = sourcecode.c.objc; path = FlieServerDemoUITests.m; sourceTree = "<group>"; };
		689A8A341EA87ABB00BD8FD7 /* Info.plist */ = {isa = PBXFileReference; lastKnownFileType = text.plist.xml; path = Info.plist; sourceTree = "<group>"; };
		68A0E0CC1EB02400000961EA /* EnumList.h */ = {isa = PBXFileReference; lastKnownFileType = sourcecode.c.h; path = EnumList.h; sourceTree = "<group>"; };
		68A0E0CD1EB07A8B000961EA /* ReqUpFileInfo.h */ = {isa = PBXFileReference; fileEncoding = 4; lastKnownFileType = sourcecode.c.h; path = ReqUpFileInfo.h; sourceTree = "<group>"; };
		68A0E0CE1EB07A8B000961EA /* ReqUpFileInfo.m */ = {isa = PBXFileReference; fileEncoding = 4; lastKnownFileType = sourcecode.c.objc; path = ReqUpFileInfo.m; sourceTree = "<group>"; };
		68A393AD1EB9A45B001411FF /* SocketServerManager.h */ = {isa = PBXFileReference; fileEncoding = 4; lastKnownFileType = sourcecode.c.h; path = SocketServerManager.h; sourceTree = "<group>"; };
		68A393AE1EB9A45B001411FF /* SocketServerManager.m */ = {isa = PBXFileReference; fileEncoding = 4; lastKnownFileType = sourcecode.c.objc; path = SocketServerManager.m; sourceTree = "<group>"; };
		68A393B01EB9B0EE001411FF /* socketClientManager.h */ = {isa = PBXFileReference; fileEncoding = 4; lastKnownFileType = sourcecode.c.h; path = socketClientManager.h; sourceTree = "<group>"; };
		68A393B11EB9B0EE001411FF /* socketClientManager.m */ = {isa = PBXFileReference; fileEncoding = 4; lastKnownFileType = sourcecode.c.objc; path = socketClientManager.m; sourceTree = "<group>"; };
		68A83D1A1EAD8CDD0061AC6D /* NetWorkManager.h */ = {isa = PBXFileReference; fileEncoding = 4; lastKnownFileType = sourcecode.c.h; path = NetWorkManager.h; sourceTree = "<group>"; };
		68A83D1B1EAD8CDD0061AC6D /* NetWorkManager.m */ = {isa = PBXFileReference; fileEncoding = 4; lastKnownFileType = sourcecode.c.objc; path = NetWorkManager.m; sourceTree = "<group>"; };
		68A83D261EADBE590061AC6D /* UserInfo.h */ = {isa = PBXFileReference; fileEncoding = 4; lastKnownFileType = sourcecode.c.h; path = UserInfo.h; sourceTree = "<group>"; };
		68A83D271EADBE590061AC6D /* UserInfo.m */ = {isa = PBXFileReference; fileEncoding = 4; lastKnownFileType = sourcecode.c.objc; path = UserInfo.m; sourceTree = "<group>"; };
		68A83D321EADEF140061AC6D /* FMDatabase.h */ = {isa = PBXFileReference; fileEncoding = 4; lastKnownFileType = sourcecode.c.h; path = FMDatabase.h; sourceTree = "<group>"; };
		68A83D331EADEF140061AC6D /* FMDatabase.m */ = {isa = PBXFileReference; fileEncoding = 4; lastKnownFileType = sourcecode.c.objc; path = FMDatabase.m; sourceTree = "<group>"; };
		68A83D341EADEF140061AC6D /* FMDatabaseAdditions.h */ = {isa = PBXFileReference; fileEncoding = 4; lastKnownFileType = sourcecode.c.h; path = FMDatabaseAdditions.h; sourceTree = "<group>"; };
		68A83D351EADEF140061AC6D /* FMDatabaseAdditions.m */ = {isa = PBXFileReference; fileEncoding = 4; lastKnownFileType = sourcecode.c.objc; path = FMDatabaseAdditions.m; sourceTree = "<group>"; };
		68A83D361EADEF140061AC6D /* FMDatabasePool.h */ = {isa = PBXFileReference; fileEncoding = 4; lastKnownFileType = sourcecode.c.h; path = FMDatabasePool.h; sourceTree = "<group>"; };
		68A83D371EADEF140061AC6D /* FMDatabasePool.m */ = {isa = PBXFileReference; fileEncoding = 4; lastKnownFileType = sourcecode.c.objc; path = FMDatabasePool.m; sourceTree = "<group>"; };
		68A83D381EADEF140061AC6D /* FMDatabaseQueue.h */ = {isa = PBXFileReference; fileEncoding = 4; lastKnownFileType = sourcecode.c.h; path = FMDatabaseQueue.h; sourceTree = "<group>"; };
		68A83D391EADEF140061AC6D /* FMDatabaseQueue.m */ = {isa = PBXFileReference; fileEncoding = 4; lastKnownFileType = sourcecode.c.objc; path = FMDatabaseQueue.m; sourceTree = "<group>"; };
		68A83D3A1EADEF140061AC6D /* FMDB.h */ = {isa = PBXFileReference; fileEncoding = 4; lastKnownFileType = sourcecode.c.h; path = FMDB.h; sourceTree = "<group>"; };
		68A83D3B1EADEF140061AC6D /* FMResultSet.h */ = {isa = PBXFileReference; fileEncoding = 4; lastKnownFileType = sourcecode.c.h; path = FMResultSet.h; sourceTree = "<group>"; };
		68A83D3C1EADEF140061AC6D /* FMResultSet.m */ = {isa = PBXFileReference; fileEncoding = 4; lastKnownFileType = sourcecode.c.objc; path = FMResultSet.m; sourceTree = "<group>"; };
		68A83D421EADEF250061AC6D /* libsqlite3.0.tbd */ = {isa = PBXFileReference; lastKnownFileType = "sourcecode.text-based-dylib-definition"; name = libsqlite3.0.tbd; path = usr/lib/libsqlite3.0.tbd; sourceTree = SDKROOT; };
		68A83D441EADEF330061AC6D /* libsqlite3.tbd */ = {isa = PBXFileReference; lastKnownFileType = "sourcecode.text-based-dylib-definition"; name = libsqlite3.tbd; path = usr/lib/libsqlite3.tbd; sourceTree = SDKROOT; };
		68A83D461EADEF8C0061AC6D /* DataBaseManager.h */ = {isa = PBXFileReference; fileEncoding = 4; lastKnownFileType = sourcecode.c.h; path = DataBaseManager.h; sourceTree = "<group>"; };
		68A83D471EADEF8C0061AC6D /* DataBaseManager.m */ = {isa = PBXFileReference; fileEncoding = 4; lastKnownFileType = sourcecode.c.objc; path = DataBaseManager.m; sourceTree = "<group>"; };
		68CB0B171EB1F11300D38C17 /* BBB.jpg */ = {isa = PBXFileReference; lastKnownFileType = image.jpeg; path = BBB.jpg; sourceTree = "<group>"; };
		A64BAF0C664DCE748928B3DE /* Pods-FlieServerDemo.debug.xcconfig */ = {isa = PBXFileReference; includeInIndex = 1; lastKnownFileType = text.xcconfig; name = "Pods-FlieServerDemo.debug.xcconfig"; path = "Pods/Target Support Files/Pods-FlieServerDemo/Pods-FlieServerDemo.debug.xcconfig"; sourceTree = "<group>"; };
		BF4B518F9325A4BA90CCF79B /* Pods_FlieServerDemo.framework */ = {isa = PBXFileReference; explicitFileType = wrapper.framework; includeInIndex = 0; path = Pods_FlieServerDemo.framework; sourceTree = BUILT_PRODUCTS_DIR; };
/* End PBXFileReference section */

/* Begin PBXFrameworksBuildPhase section */
		689A8A071EA87ABA00BD8FD7 /* Frameworks */ = {
			isa = PBXFrameworksBuildPhase;
			buildActionMask = 2147483647;
			files = (
				68A83D451EADEF330061AC6D /* libsqlite3.tbd in Frameworks */,
				899C5B0D9FEDD5DFEBBCC98C /* Pods_FlieServerDemo.framework in Frameworks */,
			);
			runOnlyForDeploymentPostprocessing = 0;
		};
		689A8A201EA87ABB00BD8FD7 /* Frameworks */ = {
			isa = PBXFrameworksBuildPhase;
			buildActionMask = 2147483647;
			files = (
			);
			runOnlyForDeploymentPostprocessing = 0;
		};
		689A8A2B1EA87ABB00BD8FD7 /* Frameworks */ = {
			isa = PBXFrameworksBuildPhase;
			buildActionMask = 2147483647;
			files = (
			);
			runOnlyForDeploymentPostprocessing = 0;
		};
/* End PBXFrameworksBuildPhase section */

/* Begin PBXGroup section */
		0A02C66268723189058692B1 /* Pods */ = {
			isa = PBXGroup;
			children = (
				A64BAF0C664DCE748928B3DE /* Pods-FlieServerDemo.debug.xcconfig */,
				421558AE5EE79F39E5A6163B /* Pods-FlieServerDemo.release.xcconfig */,
			);
			name = Pods;
			sourceTree = "<group>";
		};
		0D1D99B30A67CC574CC33F5D /* Frameworks */ = {
			isa = PBXGroup;
			children = (
				68A83D441EADEF330061AC6D /* libsqlite3.tbd */,
				68A83D421EADEF250061AC6D /* libsqlite3.0.tbd */,
				BF4B518F9325A4BA90CCF79B /* Pods_FlieServerDemo.framework */,
			);
			name = Frameworks;
			sourceTree = "<group>";
		};
		68032A261EA9FE2F0019CD22 /* Controller */ = {
			isa = PBXGroup;
			children = (
				68032A2D1EAA00990019CD22 /* MainTabBarViewController.h */,
				68032A2E1EAA00990019CD22 /* MainTabBarViewController.m */,
				68032A3E1EAA0AA90019CD22 /* BaseNavViewController.h */,
				68032A3F1EAA0AA90019CD22 /* BaseNavViewController.m */,
				68032A331EAA01010019CD22 /* ServerViewController.h */,
				68032A341EAA01010019CD22 /* ServerViewController.m */,
				6855D39D1EBAF4A300E3E04D /* ClientController */,
				68032A361EAA011F0019CD22 /* ClientViewController.h */,
				68032A371EAA011F0019CD22 /* ClientViewController.m */,
			);
			path = Controller;
			sourceTree = "<group>";
		};
		68032A271EA9FE490019CD22 /* View */ = {
			isa = PBXGroup;
			children = (
				681B46231EAD876200BEA215 /* StartView.h */,
				681B46241EAD876200BEA215 /* StartView.m */,
				6855D3A11EBAFE0D00E3E04D /* BorderTextField.h */,
				6855D3A21EBAFE0D00E3E04D /* BorderTextField.m */,
				6855D3BA1EBB2B8400E3E04D /* MineCollectionViewCell.xib */,
				6855D3BC1EBB2BBA00E3E04D /* MineCollectionViewCell.h */,
				6855D3BD1EBB2BBA00E3E04D /* MineCollectionViewCell.m */,
				6855D3BF1EBB2DD000E3E04D /* TitleReusableView.h */,
				6855D3C01EBB2DD000E3E04D /* TitleReusableView.m */,
			);
			path = View;
			sourceTree = "<group>";
		};
		68032A281EA9FE4C0019CD22 /* Model */ = {
			isa = PBXGroup;
			children = (
				68A83D261EADBE590061AC6D /* UserInfo.h */,
				68A83D271EADBE590061AC6D /* UserInfo.m */,
				687B63DE1EAF49DF007914A4 /* HeaderInfo.h */,
				687B63DF1EAF49DF007914A4 /* HeaderInfo.m */,
				68A0E0CD1EB07A8B000961EA /* ReqUpFileInfo.h */,
				68A0E0CE1EB07A8B000961EA /* ReqUpFileInfo.m */,
				681422191EB188C80024EA7F /* FileChunkInfo.h */,
				6814221A1EB188C80024EA7F /* FileChunkInfo.m */,
				683B02801EB2C71F001E3416 /* FileHandleModel.h */,
				683B02811EB2C71F001E3416 /* FileHandleModel.m */,
				683B02831EB2F262001E3416 /* CreatFolderInfo.h */,
				683B02841EB2F262001E3416 /* CreatFolderInfo.m */,
				683B02861EB31F30001E3416 /* MoveFolderInfo.h */,
				683B02871EB31F30001E3416 /* MoveFolderInfo.m */,
				683B02891EB32A0B001E3416 /* FileListInfo.h */,
				683B028A1EB32A0B001E3416 /* FileListInfo.m */,
				683B028C1EB32DF1001E3416 /* SourceModel.h */,
				683B028D1EB32DF1001E3416 /* SourceModel.m */,
				683B028F1EB33F8D001E3416 /* ReqDownFileInfo.h */,
				683B02901EB33F8D001E3416 /* ReqDownFileInfo.m */,
				686E9B911EB82C950098EFEB /* DownFileInfo.h */,
				686E9B921EB82C950098EFEB /* DownFileInfo.m */,
			);
			path = Model;
			sourceTree = "<group>";
		};
		68032A291EA9FF8E0019CD22 /* Source */ = {
			isa = PBXGroup;
			children = (
				68CB0B171EB1F11300D38C17 /* BBB.jpg */,
				681B46211EAD874C00BEA215 /* start@2x.png */,
				68032A2B1EA9FFD70019CD22 /* NZQ.mp4 */,
				68032A391EAA027D0019CD22 /* tabar1@3x.png */,
				68032A3A1EAA027D0019CD22 /* tabar2@3x.png */,
				6855D3B51EBB1AF200E3E04D /* 返回@3x.png */,
				6855D3B71EBB292A00E3E04D /* images */,
			);
			path = Source;
			sourceTree = "<group>";
		};
		68032A2A1EA9FFB10019CD22 /* Common */ = {
			isa = PBXGroup;
			children = (
				681B461E1EAD873B00BEA215 /* AppDataSource.h */,
				681B461F1EAD873B00BEA215 /* AppDataSource.m */,
				68A83D1A1EAD8CDD0061AC6D /* NetWorkManager.h */,
				68A83D1B1EAD8CDD0061AC6D /* NetWorkManager.m */,
				68A83D461EADEF8C0061AC6D /* DataBaseManager.h */,
				68A83D471EADEF8C0061AC6D /* DataBaseManager.m */,
				687B63D31EAF357B007914A4 /* ProtocolDataManager.h */,
				687B63D41EAF357B007914A4 /* ProtocolDataManager.m */,
				68A0E0CC1EB02400000961EA /* EnumList.h */,
				68A393AD1EB9A45B001411FF /* SocketServerManager.h */,
				68A393AE1EB9A45B001411FF /* SocketServerManager.m */,
				68A393B01EB9B0EE001411FF /* socketClientManager.h */,
				68A393B11EB9B0EE001411FF /* socketClientManager.m */,
			);
			path = Common;
			sourceTree = "<group>";
		};
		6855D39D1EBAF4A300E3E04D /* ClientController */ = {
			isa = PBXGroup;
			children = (
				6855D3B21EBB1AC900E3E04D /* BaseViewController.h */,
				6855D3B31EBB1AC900E3E04D /* BaseViewController.m */,
				6855D39E1EBAFDAC00E3E04D /* LoginViewController.h */,
				6855D39F1EBAFDAC00E3E04D /* LoginViewController.m */,
				6855D3AF1EBB197400E3E04D /* ClientMainViewController.h */,
				6855D3B01EBB197400E3E04D /* ClientMainViewController.m */,
			);
			path = ClientController;
			sourceTree = "<group>";
		};
		6855D3A41EBB000A00E3E04D /* Extension */ = {
			isa = PBXGroup;
			children = (
				6855D3A51EBB001700E3E04D /* UIView+Add.h */,
				6855D3A61EBB001700E3E04D /* UIView+Add.m */,
			);
			path = Extension;
			sourceTree = "<group>";
		};
		6855D3A81EBB060900E3E04D /* MBProgressHUD */ = {
			isa = PBXGroup;
			children = (
				6855D3A91EBB060900E3E04D /* MBProgressHUD+Add.h */,
				6855D3AA1EBB060900E3E04D /* MBProgressHUD+Add.m */,
				6855D3AB1EBB060900E3E04D /* MBProgressHUD.h */,
				6855D3AC1EBB060900E3E04D /* MBProgressHUD.m */,
			);
			path = MBProgressHUD;
			sourceTree = "<group>";
		};
		6855D3B71EBB292A00E3E04D /* images */ = {
			isa = PBXGroup;
			children = (
				6855D3B81EBB293000E3E04D /* shocking@3x.png */,
			);
			path = images;
			sourceTree = "<group>";
		};
		687B63D61EAF3933007914A4 /* YYModel */ = {
			isa = PBXGroup;
			children = (
				687B63D71EAF3933007914A4 /* NSObject+YYModel.h */,
				687B63D81EAF3933007914A4 /* NSObject+YYModel.m */,
				687B63D91EAF3933007914A4 /* YYClassInfo.h */,
				687B63DA1EAF3933007914A4 /* YYClassInfo.m */,
				687B63DB1EAF3933007914A4 /* YYModel.h */,
			);
			path = YYModel;
			sourceTree = "<group>";
		};
		689A8A011EA87ABA00BD8FD7 = {
			isa = PBXGroup;
			children = (
				689A8A0C1EA87ABA00BD8FD7 /* FlieServerDemo */,
				689A8A261EA87ABB00BD8FD7 /* FlieServerDemoTests */,
				689A8A311EA87ABB00BD8FD7 /* FlieServerDemoUITests */,
				689A8A0B1EA87ABA00BD8FD7 /* Products */,
				0A02C66268723189058692B1 /* Pods */,
				0D1D99B30A67CC574CC33F5D /* Frameworks */,
			);
			sourceTree = "<group>";
		};
		689A8A0B1EA87ABA00BD8FD7 /* Products */ = {
			isa = PBXGroup;
			children = (
				689A8A0A1EA87ABA00BD8FD7 /* FlieServerDemo.app */,
				689A8A231EA87ABB00BD8FD7 /* FlieServerDemoTests.xctest */,
				689A8A2E1EA87ABB00BD8FD7 /* FlieServerDemoUITests.xctest */,
			);
			name = Products;
			sourceTree = "<group>";
		};
		689A8A0C1EA87ABA00BD8FD7 /* FlieServerDemo */ = {
			isa = PBXGroup;
			children = (
				689A8A101EA87ABA00BD8FD7 /* AppDelegate.h */,
				689A8A111EA87ABA00BD8FD7 /* AppDelegate.m */,
				68032A2A1EA9FFB10019CD22 /* Common */,
				68032A291EA9FF8E0019CD22 /* Source */,
				68032A281EA9FE4C0019CD22 /* Model */,
				68032A271EA9FE490019CD22 /* View */,
				68032A261EA9FE2F0019CD22 /* Controller */,
				68A83D1D1EADAA8C0061AC6D /* Vendor */,
				6855D3A41EBB000A00E3E04D /* Extension */,
				689A8A191EA87ABA00BD8FD7 /* Assets.xcassets */,
				689A8A1B1EA87ABA00BD8FD7 /* LaunchScreen.storyboard */,
				689A8A1E1EA87ABA00BD8FD7 /* Info.plist */,
				689A8A0D1EA87ABA00BD8FD7 /* Supporting Files */,
			);
			path = FlieServerDemo;
			sourceTree = "<group>";
		};
		689A8A0D1EA87ABA00BD8FD7 /* Supporting Files */ = {
			isa = PBXGroup;
			children = (
				689A8A0E1EA87ABA00BD8FD7 /* main.m */,
			);
			name = "Supporting Files";
			sourceTree = "<group>";
		};
		689A8A261EA87ABB00BD8FD7 /* FlieServerDemoTests */ = {
			isa = PBXGroup;
			children = (
				689A8A271EA87ABB00BD8FD7 /* FlieServerDemoTests.m */,
				689A8A291EA87ABB00BD8FD7 /* Info.plist */,
			);
			path = FlieServerDemoTests;
			sourceTree = "<group>";
		};
		689A8A311EA87ABB00BD8FD7 /* FlieServerDemoUITests */ = {
			isa = PBXGroup;
			children = (
				689A8A321EA87ABB00BD8FD7 /* FlieServerDemoUITests.m */,
				689A8A341EA87ABB00BD8FD7 /* Info.plist */,
			);
			path = FlieServerDemoUITests;
			sourceTree = "<group>";
		};
		68A83D1D1EADAA8C0061AC6D /* Vendor */ = {
			isa = PBXGroup;
			children = (
				6855D3A81EBB060900E3E04D /* MBProgressHUD */,
				687B63D61EAF3933007914A4 /* YYModel */,
				68A83D311EADEF140061AC6D /* FMDB */,
			);
			path = Vendor;
			sourceTree = "<group>";
		};
		68A83D311EADEF140061AC6D /* FMDB */ = {
			isa = PBXGroup;
			children = (
				68A83D321EADEF140061AC6D /* FMDatabase.h */,
				68A83D331EADEF140061AC6D /* FMDatabase.m */,
				68A83D341EADEF140061AC6D /* FMDatabaseAdditions.h */,
				68A83D351EADEF140061AC6D /* FMDatabaseAdditions.m */,
				68A83D361EADEF140061AC6D /* FMDatabasePool.h */,
				68A83D371EADEF140061AC6D /* FMDatabasePool.m */,
				68A83D381EADEF140061AC6D /* FMDatabaseQueue.h */,
				68A83D391EADEF140061AC6D /* FMDatabaseQueue.m */,
				68A83D3A1EADEF140061AC6D /* FMDB.h */,
				68A83D3B1EADEF140061AC6D /* FMResultSet.h */,
				68A83D3C1EADEF140061AC6D /* FMResultSet.m */,
			);
			path = FMDB;
			sourceTree = "<group>";
		};
/* End PBXGroup section */

/* Begin PBXNativeTarget section */
		689A8A091EA87ABA00BD8FD7 /* FlieServerDemo */ = {
			isa = PBXNativeTarget;
			buildConfigurationList = 689A8A371EA87ABB00BD8FD7 /* Build configuration list for PBXNativeTarget "FlieServerDemo" */;
			buildPhases = (
				5B54B2ED6A85E4455B5DA31D /* [CP] Check Pods Manifest.lock */,
				689A8A061EA87ABA00BD8FD7 /* Sources */,
				689A8A071EA87ABA00BD8FD7 /* Frameworks */,
				689A8A081EA87ABA00BD8FD7 /* Resources */,
				67D4F099C73BEDAD50BEEAA4 /* [CP] Embed Pods Frameworks */,
				F91CEC8D958345E752F68604 /* [CP] Copy Pods Resources */,
			);
			buildRules = (
			);
			dependencies = (
			);
			name = FlieServerDemo;
			productName = FlieServerDemo;
			productReference = 689A8A0A1EA87ABA00BD8FD7 /* FlieServerDemo.app */;
			productType = "com.apple.product-type.application";
		};
		689A8A221EA87ABB00BD8FD7 /* FlieServerDemoTests */ = {
			isa = PBXNativeTarget;
			buildConfigurationList = 689A8A3A1EA87ABB00BD8FD7 /* Build configuration list for PBXNativeTarget "FlieServerDemoTests" */;
			buildPhases = (
				689A8A1F1EA87ABB00BD8FD7 /* Sources */,
				689A8A201EA87ABB00BD8FD7 /* Frameworks */,
				689A8A211EA87ABB00BD8FD7 /* Resources */,
			);
			buildRules = (
			);
			dependencies = (
				689A8A251EA87ABB00BD8FD7 /* PBXTargetDependency */,
			);
			name = FlieServerDemoTests;
			productName = FlieServerDemoTests;
			productReference = 689A8A231EA87ABB00BD8FD7 /* FlieServerDemoTests.xctest */;
			productType = "com.apple.product-type.bundle.unit-test";
		};
		689A8A2D1EA87ABB00BD8FD7 /* FlieServerDemoUITests */ = {
			isa = PBXNativeTarget;
			buildConfigurationList = 689A8A3D1EA87ABB00BD8FD7 /* Build configuration list for PBXNativeTarget "FlieServerDemoUITests" */;
			buildPhases = (
				689A8A2A1EA87ABB00BD8FD7 /* Sources */,
				689A8A2B1EA87ABB00BD8FD7 /* Frameworks */,
				689A8A2C1EA87ABB00BD8FD7 /* Resources */,
			);
			buildRules = (
			);
			dependencies = (
				689A8A301EA87ABB00BD8FD7 /* PBXTargetDependency */,
			);
			name = FlieServerDemoUITests;
			productName = FlieServerDemoUITests;
			productReference = 689A8A2E1EA87ABB00BD8FD7 /* FlieServerDemoUITests.xctest */;
			productType = "com.apple.product-type.bundle.ui-testing";
		};
/* End PBXNativeTarget section */

/* Begin PBXProject section */
		689A8A021EA87ABA00BD8FD7 /* Project object */ = {
			isa = PBXProject;
			attributes = {
				LastUpgradeCheck = 0830;
				ORGANIZATIONNAME = lyric;
				TargetAttributes = {
					689A8A091EA87ABA00BD8FD7 = {
						CreatedOnToolsVersion = 8.3.1;
						DevelopmentTeam = VJDNQ6JAS5;
						ProvisioningStyle = Automatic;
					};
					689A8A221EA87ABB00BD8FD7 = {
						CreatedOnToolsVersion = 8.3.1;
						DevelopmentTeam = 2T4HE96GYT;
						ProvisioningStyle = Automatic;
						TestTargetID = 689A8A091EA87ABA00BD8FD7;
					};
					689A8A2D1EA87ABB00BD8FD7 = {
						CreatedOnToolsVersion = 8.3.1;
						DevelopmentTeam = 2T4HE96GYT;
						ProvisioningStyle = Automatic;
						TestTargetID = 689A8A091EA87ABA00BD8FD7;
					};
				};
			};
			buildConfigurationList = 689A8A051EA87ABA00BD8FD7 /* Build configuration list for PBXProject "FlieServerDemo" */;
			compatibilityVersion = "Xcode 3.2";
			developmentRegion = English;
			hasScannedForEncodings = 0;
			knownRegions = (
				en,
				Base,
			);
			mainGroup = 689A8A011EA87ABA00BD8FD7;
			productRefGroup = 689A8A0B1EA87ABA00BD8FD7 /* Products */;
			projectDirPath = "";
			projectRoot = "";
			targets = (
				689A8A091EA87ABA00BD8FD7 /* FlieServerDemo */,
				689A8A221EA87ABB00BD8FD7 /* FlieServerDemoTests */,
				689A8A2D1EA87ABB00BD8FD7 /* FlieServerDemoUITests */,
			);
		};
/* End PBXProject section */

/* Begin PBXResourcesBuildPhase section */
		689A8A081EA87ABA00BD8FD7 /* Resources */ = {
			isa = PBXResourcesBuildPhase;
			buildActionMask = 2147483647;
			files = (
				68032A3C1EAA027D0019CD22 /* tabar2@3x.png in Resources */,
				68032A2C1EA9FFD70019CD22 /* NZQ.mp4 in Resources */,
				689A8A1D1EA87ABA00BD8FD7 /* LaunchScreen.storyboard in Resources */,
				6855D3B61EBB1AF200E3E04D /* 返回@3x.png in Resources */,
				68CB0B181EB1F11300D38C17 /* BBB.jpg in Resources */,
				6855D3B91EBB293000E3E04D /* shocking@3x.png in Resources */,
				681B46221EAD874C00BEA215 /* start@2x.png in Resources */,
				6855D3BB1EBB2B8400E3E04D /* MineCollectionViewCell.xib in Resources */,
				68032A3B1EAA027D0019CD22 /* tabar1@3x.png in Resources */,
				689A8A1A1EA87ABA00BD8FD7 /* Assets.xcassets in Resources */,
			);
			runOnlyForDeploymentPostprocessing = 0;
		};
		689A8A211EA87ABB00BD8FD7 /* Resources */ = {
			isa = PBXResourcesBuildPhase;
			buildActionMask = 2147483647;
			files = (
			);
			runOnlyForDeploymentPostprocessing = 0;
		};
		689A8A2C1EA87ABB00BD8FD7 /* Resources */ = {
			isa = PBXResourcesBuildPhase;
			buildActionMask = 2147483647;
			files = (
			);
			runOnlyForDeploymentPostprocessing = 0;
		};
/* End PBXResourcesBuildPhase section */

/* Begin PBXShellScriptBuildPhase section */
		5B54B2ED6A85E4455B5DA31D /* [CP] Check Pods Manifest.lock */ = {
			isa = PBXShellScriptBuildPhase;
			buildActionMask = 2147483647;
			files = (
			);
			inputPaths = (
			);
			name = "[CP] Check Pods Manifest.lock";
			outputPaths = (
			);
			runOnlyForDeploymentPostprocessing = 0;
			shellPath = /bin/sh;
			shellScript = "diff \"${PODS_PODFILE_DIR_PATH}/Podfile.lock\" \"${PODS_ROOT}/Manifest.lock\" > /dev/null\nif [ $? != 0 ] ; then\n    # print error to STDERR\n    echo \"error: The sandbox is not in sync with the Podfile.lock. Run 'pod install' or update your CocoaPods installation.\" >&2\n    exit 1\nfi\n";
			showEnvVarsInLog = 0;
		};
		67D4F099C73BEDAD50BEEAA4 /* [CP] Embed Pods Frameworks */ = {
			isa = PBXShellScriptBuildPhase;
			buildActionMask = 2147483647;
			files = (
			);
			inputPaths = (
			);
			name = "[CP] Embed Pods Frameworks";
			outputPaths = (
			);
			runOnlyForDeploymentPostprocessing = 0;
			shellPath = /bin/sh;
			shellScript = "\"${SRCROOT}/Pods/Target Support Files/Pods-FlieServerDemo/Pods-FlieServerDemo-frameworks.sh\"\n";
			showEnvVarsInLog = 0;
		};
		F91CEC8D958345E752F68604 /* [CP] Copy Pods Resources */ = {
			isa = PBXShellScriptBuildPhase;
			buildActionMask = 2147483647;
			files = (
			);
			inputPaths = (
			);
			name = "[CP] Copy Pods Resources";
			outputPaths = (
			);
			runOnlyForDeploymentPostprocessing = 0;
			shellPath = /bin/sh;
			shellScript = "\"${SRCROOT}/Pods/Target Support Files/Pods-FlieServerDemo/Pods-FlieServerDemo-resources.sh\"\n";
			showEnvVarsInLog = 0;
		};
/* End PBXShellScriptBuildPhase section */

/* Begin PBXSourcesBuildPhase section */
		689A8A061EA87ABA00BD8FD7 /* Sources */ = {
			isa = PBXSourcesBuildPhase;
			buildActionMask = 2147483647;
			files = (
				689A8A121EA87ABA00BD8FD7 /* AppDelegate.m in Sources */,
				683B028B1EB32A0B001E3416 /* FileListInfo.m in Sources */,
				68032A2F1EAA00990019CD22 /* MainTabBarViewController.m in Sources */,
				68A83D3D1EADEF140061AC6D /* FMDatabase.m in Sources */,
				6814221B1EB188C80024EA7F /* FileChunkInfo.m in Sources */,
				68A83D281EADBE590061AC6D /* UserInfo.m in Sources */,
				68032A351EAA01010019CD22 /* ServerViewController.m in Sources */,
				683B02821EB2C71F001E3416 /* FileHandleModel.m in Sources */,
				6855D3A01EBAFDAC00E3E04D /* LoginViewController.m in Sources */,
				68A83D3E1EADEF140061AC6D /* FMDatabaseAdditions.m in Sources */,
				68A83D3F1EADEF140061AC6D /* FMDatabasePool.m in Sources */,
				68A83D481EADEF8C0061AC6D /* DataBaseManager.m in Sources */,
				687B63E01EAF49DF007914A4 /* HeaderInfo.m in Sources */,
				6855D3A31EBAFE0D00E3E04D /* BorderTextField.m in Sources */,
				6855D3C11EBB2DD000E3E04D /* TitleReusableView.m in Sources */,
				683B02851EB2F262001E3416 /* CreatFolderInfo.m in Sources */,
				686E9B931EB82C950098EFEB /* DownFileInfo.m in Sources */,
				689A8A0F1EA87ABA00BD8FD7 /* main.m in Sources */,
				687B63DC1EAF3933007914A4 /* NSObject+YYModel.m in Sources */,
				68A83D401EADEF140061AC6D /* FMDatabaseQueue.m in Sources */,
				6855D3B41EBB1AC900E3E04D /* BaseViewController.m in Sources */,
				68032A381EAA011F0019CD22 /* ClientViewController.m in Sources */,
				687B63D51EAF357B007914A4 /* ProtocolDataManager.m in Sources */,
				687B63DD1EAF3933007914A4 /* YYClassInfo.m in Sources */,
				6855D3AD1EBB060900E3E04D /* MBProgressHUD+Add.m in Sources */,
				681B46201EAD873B00BEA215 /* AppDataSource.m in Sources */,
				68A393B21EB9B0EE001411FF /* socketClientManager.m in Sources */,
				68A393AF1EB9A45B001411FF /* SocketServerManager.m in Sources */,
				683B02911EB33F8D001E3416 /* ReqDownFileInfo.m in Sources */,
				68A83D1C1EAD8CDD0061AC6D /* NetWorkManager.m in Sources */,
				683B028E1EB32DF1001E3416 /* SourceModel.m in Sources */,
				683B02881EB31F30001E3416 /* MoveFolderInfo.m in Sources */,
				68A83D411EADEF140061AC6D /* FMResultSet.m in Sources */,
				6855D3AE1EBB060900E3E04D /* MBProgressHUD.m in Sources */,
				6855D3A71EBB001700E3E04D /* UIView+Add.m in Sources */,
				6855D3BE1EBB2BBA00E3E04D /* MineCollectionViewCell.m in Sources */,
				68A0E0CF1EB07A8B000961EA /* ReqUpFileInfo.m in Sources */,
				68032A401EAA0AA90019CD22 /* BaseNavViewController.m in Sources */,
				6855D3B11EBB197400E3E04D /* ClientMainViewController.m in Sources */,
				681B46251EAD876200BEA215 /* StartView.m in Sources */,
			);
			runOnlyForDeploymentPostprocessing = 0;
		};
		689A8A1F1EA87ABB00BD8FD7 /* Sources */ = {
			isa = PBXSourcesBuildPhase;
			buildActionMask = 2147483647;
			files = (
				689A8A281EA87ABB00BD8FD7 /* FlieServerDemoTests.m in Sources */,
			);
			runOnlyForDeploymentPostprocessing = 0;
		};
		689A8A2A1EA87ABB00BD8FD7 /* Sources */ = {
			isa = PBXSourcesBuildPhase;
			buildActionMask = 2147483647;
			files = (
				689A8A331EA87ABB00BD8FD7 /* FlieServerDemoUITests.m in Sources */,
			);
			runOnlyForDeploymentPostprocessing = 0;
		};
/* End PBXSourcesBuildPhase section */

/* Begin PBXTargetDependency section */
		689A8A251EA87ABB00BD8FD7 /* PBXTargetDependency */ = {
			isa = PBXTargetDependency;
			target = 689A8A091EA87ABA00BD8FD7 /* FlieServerDemo */;
			targetProxy = 689A8A241EA87ABB00BD8FD7 /* PBXContainerItemProxy */;
		};
		689A8A301EA87ABB00BD8FD7 /* PBXTargetDependency */ = {
			isa = PBXTargetDependency;
			target = 689A8A091EA87ABA00BD8FD7 /* FlieServerDemo */;
			targetProxy = 689A8A2F1EA87ABB00BD8FD7 /* PBXContainerItemProxy */;
		};
/* End PBXTargetDependency section */

/* Begin PBXVariantGroup section */
		689A8A1B1EA87ABA00BD8FD7 /* LaunchScreen.storyboard */ = {
			isa = PBXVariantGroup;
			children = (
				689A8A1C1EA87ABA00BD8FD7 /* Base */,
			);
			name = LaunchScreen.storyboard;
			sourceTree = "<group>";
		};
/* End PBXVariantGroup section */

/* Begin XCBuildConfiguration section */
		689A8A351EA87ABB00BD8FD7 /* Debug */ = {
			isa = XCBuildConfiguration;
			buildSettings = {
				ALWAYS_SEARCH_USER_PATHS = NO;
				CLANG_ANALYZER_NONNULL = YES;
				CLANG_ANALYZER_NUMBER_OBJECT_CONVERSION = YES_AGGRESSIVE;
				CLANG_CXX_LANGUAGE_STANDARD = "gnu++0x";
				CLANG_CXX_LIBRARY = "libc++";
				CLANG_ENABLE_MODULES = YES;
				CLANG_ENABLE_OBJC_ARC = YES;
				CLANG_WARN_BOOL_CONVERSION = YES;
				CLANG_WARN_CONSTANT_CONVERSION = YES;
				CLANG_WARN_DIRECT_OBJC_ISA_USAGE = YES_ERROR;
				CLANG_WARN_DOCUMENTATION_COMMENTS = YES;
				CLANG_WARN_EMPTY_BODY = YES;
				CLANG_WARN_ENUM_CONVERSION = YES;
				CLANG_WARN_INFINITE_RECURSION = YES;
				CLANG_WARN_INT_CONVERSION = YES;
				CLANG_WARN_OBJC_ROOT_CLASS = YES_ERROR;
				CLANG_WARN_SUSPICIOUS_MOVE = YES;
				CLANG_WARN_UNREACHABLE_CODE = YES;
				CLANG_WARN__DUPLICATE_METHOD_MATCH = YES;
				"CODE_SIGN_IDENTITY[sdk=iphoneos*]" = "iPhone Developer";
				COPY_PHASE_STRIP = NO;
				DEBUG_INFORMATION_FORMAT = dwarf;
				ENABLE_STRICT_OBJC_MSGSEND = YES;
				ENABLE_TESTABILITY = YES;
				GCC_C_LANGUAGE_STANDARD = gnu99;
				GCC_DYNAMIC_NO_PIC = NO;
				GCC_NO_COMMON_BLOCKS = YES;
				GCC_OPTIMIZATION_LEVEL = 0;
				GCC_PREPROCESSOR_DEFINITIONS = (
					"DEBUG=1",
					"$(inherited)",
				);
				GCC_WARN_64_TO_32_BIT_CONVERSION = YES;
				GCC_WARN_ABOUT_RETURN_TYPE = YES_ERROR;
				GCC_WARN_UNDECLARED_SELECTOR = YES;
				GCC_WARN_UNINITIALIZED_AUTOS = YES_AGGRESSIVE;
				GCC_WARN_UNUSED_FUNCTION = YES;
				GCC_WARN_UNUSED_VARIABLE = YES;
				IPHONEOS_DEPLOYMENT_TARGET = 10.3;
				MTL_ENABLE_DEBUG_INFO = YES;
				ONLY_ACTIVE_ARCH = YES;
				SDKROOT = iphoneos;
				TARGETED_DEVICE_FAMILY = "1,2";
			};
			name = Debug;
		};
		689A8A361EA87ABB00BD8FD7 /* Release */ = {
			isa = XCBuildConfiguration;
			buildSettings = {
				ALWAYS_SEARCH_USER_PATHS = NO;
				CLANG_ANALYZER_NONNULL = YES;
				CLANG_ANALYZER_NUMBER_OBJECT_CONVERSION = YES_AGGRESSIVE;
				CLANG_CXX_LANGUAGE_STANDARD = "gnu++0x";
				CLANG_CXX_LIBRARY = "libc++";
				CLANG_ENABLE_MODULES = YES;
				CLANG_ENABLE_OBJC_ARC = YES;
				CLANG_WARN_BOOL_CONVERSION = YES;
				CLANG_WARN_CONSTANT_CONVERSION = YES;
				CLANG_WARN_DIRECT_OBJC_ISA_USAGE = YES_ERROR;
				CLANG_WARN_DOCUMENTATION_COMMENTS = YES;
				CLANG_WARN_EMPTY_BODY = YES;
				CLANG_WARN_ENUM_CONVERSION = YES;
				CLANG_WARN_INFINITE_RECURSION = YES;
				CLANG_WARN_INT_CONVERSION = YES;
				CLANG_WARN_OBJC_ROOT_CLASS = YES_ERROR;
				CLANG_WARN_SUSPICIOUS_MOVE = YES;
				CLANG_WARN_UNREACHABLE_CODE = YES;
				CLANG_WARN__DUPLICATE_METHOD_MATCH = YES;
				"CODE_SIGN_IDENTITY[sdk=iphoneos*]" = "iPhone Developer";
				COPY_PHASE_STRIP = NO;
				DEBUG_INFORMATION_FORMAT = "dwarf-with-dsym";
				ENABLE_NS_ASSERTIONS = NO;
				ENABLE_STRICT_OBJC_MSGSEND = YES;
				GCC_C_LANGUAGE_STANDARD = gnu99;
				GCC_NO_COMMON_BLOCKS = YES;
				GCC_WARN_64_TO_32_BIT_CONVERSION = YES;
				GCC_WARN_ABOUT_RETURN_TYPE = YES_ERROR;
				GCC_WARN_UNDECLARED_SELECTOR = YES;
				GCC_WARN_UNINITIALIZED_AUTOS = YES_AGGRESSIVE;
				GCC_WARN_UNUSED_FUNCTION = YES;
				GCC_WARN_UNUSED_VARIABLE = YES;
				IPHONEOS_DEPLOYMENT_TARGET = 10.3;
				MTL_ENABLE_DEBUG_INFO = NO;
				SDKROOT = iphoneos;
				TARGETED_DEVICE_FAMILY = "1,2";
				VALIDATE_PRODUCT = YES;
			};
			name = Release;
		};
		689A8A381EA87ABB00BD8FD7 /* Debug */ = {
			isa = XCBuildConfiguration;
			baseConfigurationReference = A64BAF0C664DCE748928B3DE /* Pods-FlieServerDemo.debug.xcconfig */;
			buildSettings = {
				ASSETCATALOG_COMPILER_APPICON_NAME = AppIcon;
				DEVELOPMENT_TEAM = VJDNQ6JAS5;
				INFOPLIST_FILE = FlieServerDemo/Info.plist;
				LD_RUNPATH_SEARCH_PATHS = "$(inherited) @executable_path/Frameworks";
				PRODUCT_BUNDLE_IDENTIFIER = com.lyric.FlieServerDemoTest;
				PRODUCT_NAME = "$(TARGET_NAME)";
			};
			name = Debug;
		};
		689A8A391EA87ABB00BD8FD7 /* Release */ = {
			isa = XCBuildConfiguration;
			baseConfigurationReference = 421558AE5EE79F39E5A6163B /* Pods-FlieServerDemo.release.xcconfig */;
			buildSettings = {
				ASSETCATALOG_COMPILER_APPICON_NAME = AppIcon;
				DEVELOPMENT_TEAM = VJDNQ6JAS5;
				INFOPLIST_FILE = FlieServerDemo/Info.plist;
				LD_RUNPATH_SEARCH_PATHS = "$(inherited) @executable_path/Frameworks";
				PRODUCT_BUNDLE_IDENTIFIER = com.lyric.FlieServerDemoTest;
				PRODUCT_NAME = "$(TARGET_NAME)";
			};
			name = Release;
		};
		689A8A3B1EA87ABB00BD8FD7 /* Debug */ = {
			isa = XCBuildConfiguration;
			buildSettings = {
				BUNDLE_LOADER = "$(TEST_HOST)";
				DEVELOPMENT_TEAM = 2T4HE96GYT;
				INFOPLIST_FILE = FlieServerDemoTests/Info.plist;
				LD_RUNPATH_SEARCH_PATHS = "$(inherited) @executable_path/Frameworks @loader_path/Frameworks";
				PRODUCT_BUNDLE_IDENTIFIER = com.lyric.FlieServerDemoTests;
				PRODUCT_NAME = "$(TARGET_NAME)";
				TEST_HOST = "$(BUILT_PRODUCTS_DIR)/FlieServerDemo.app/FlieServerDemo";
			};
			name = Debug;
		};
		689A8A3C1EA87ABB00BD8FD7 /* Release */ = {
			isa = XCBuildConfiguration;
			buildSettings = {
				BUNDLE_LOADER = "$(TEST_HOST)";
				DEVELOPMENT_TEAM = 2T4HE96GYT;
				INFOPLIST_FILE = FlieServerDemoTests/Info.plist;
				LD_RUNPATH_SEARCH_PATHS = "$(inherited) @executable_path/Frameworks @loader_path/Frameworks";
				PRODUCT_BUNDLE_IDENTIFIER = com.lyric.FlieServerDemoTests;
				PRODUCT_NAME = "$(TARGET_NAME)";
				TEST_HOST = "$(BUILT_PRODUCTS_DIR)/FlieServerDemo.app/FlieServerDemo";
			};
			name = Release;
		};
		689A8A3E1EA87ABB00BD8FD7 /* Debug */ = {
			isa = XCBuildConfiguration;
			buildSettings = {
				DEVELOPMENT_TEAM = 2T4HE96GYT;
				INFOPLIST_FILE = FlieServerDemoUITests/Info.plist;
				LD_RUNPATH_SEARCH_PATHS = "$(inherited) @executable_path/Frameworks @loader_path/Frameworks";
				PRODUCT_BUNDLE_IDENTIFIER = com.lyric.FlieServerDemoUITests;
				PRODUCT_NAME = "$(TARGET_NAME)";
				TEST_TARGET_NAME = FlieServerDemo;
			};
			name = Debug;
		};
		689A8A3F1EA87ABB00BD8FD7 /* Release */ = {
			isa = XCBuildConfiguration;
			buildSettings = {
				DEVELOPMENT_TEAM = 2T4HE96GYT;
				INFOPLIST_FILE = FlieServerDemoUITests/Info.plist;
				LD_RUNPATH_SEARCH_PATHS = "$(inherited) @executable_path/Frameworks @loader_path/Frameworks";
				PRODUCT_BUNDLE_IDENTIFIER = com.lyric.FlieServerDemoUITests;
				PRODUCT_NAME = "$(TARGET_NAME)";
				TEST_TARGET_NAME = FlieServerDemo;
			};
			name = Release;
		};
/* End XCBuildConfiguration section */

/* Begin XCConfigurationList section */
		689A8A051EA87ABA00BD8FD7 /* Build configuration list for PBXProject "FlieServerDemo" */ = {
			isa = XCConfigurationList;
			buildConfigurations = (
				689A8A351EA87ABB00BD8FD7 /* Debug */,
				689A8A361EA87ABB00BD8FD7 /* Release */,
			);
			defaultConfigurationIsVisible = 0;
			defaultConfigurationName = Release;
		};
		689A8A371EA87ABB00BD8FD7 /* Build configuration list for PBXNativeTarget "FlieServerDemo" */ = {
			isa = XCConfigurationList;
			buildConfigurations = (
				689A8A381EA87ABB00BD8FD7 /* Debug */,
				689A8A391EA87ABB00BD8FD7 /* Release */,
			);
			defaultConfigurationIsVisible = 0;
			defaultConfigurationName = Release;
		};
		689A8A3A1EA87ABB00BD8FD7 /* Build configuration list for PBXNativeTarget "FlieServerDemoTests" */ = {
			isa = XCConfigurationList;
			buildConfigurations = (
				689A8A3B1EA87ABB00BD8FD7 /* Debug */,
				689A8A3C1EA87ABB00BD8FD7 /* Release */,
			);
			defaultConfigurationIsVisible = 0;
			defaultConfigurationName = Release;
		};
		689A8A3D1EA87ABB00BD8FD7 /* Build configuration list for PBXNativeTarget "FlieServerDemoUITests" */ = {
			isa = XCConfigurationList;
			buildConfigurations = (
				689A8A3E1EA87ABB00BD8FD7 /* Debug */,
				689A8A3F1EA87ABB00BD8FD7 /* Release */,
			);
			defaultConfigurationIsVisible = 0;
			defaultConfigurationName = Release;
		};
/* End XCConfigurationList section */
	};
	rootObject = 689A8A021EA87ABA00BD8FD7 /* Project object */;
}
